
Microsoft Visual Studio Solution File, Format Version 12.00
# Visual Studio Version 17
VisualStudioVersion = 17.5.002.0
MinimumVisualStudioVersion = 10.0.40219.1
Project("{2150E333-8FDC-42A3-9474-1A3956D46DE8}") = "Start", "Start", "{76F52EB6-169F-4BB5-8F1A-AA170B8F026E}"
EndProject
Project("{2150E333-8FDC-42A3-9474-1A3956D46DE8}") = "Ch3_Advanced", "Ch3_Advanced", "{50EA3916-B07F-4B58-8420-4C8496F38186}"
EndProject
Project("{9A19103F-16F7-4668-BE54-9A1E7A4F7556}") = "Dictionary", "Start\Ch3_Advanced\Dictionary\Dictionary.csproj", "{4EEF54EC-8EB0-448B-BB0B-EF2764369B84}"
EndProject
Project("{9A19103F-16F7-4668-BE54-9A1E7A4F7556}") = "Stack", "Start\Ch3_Advanced\Stack\Stack.csproj", "{A34DF160-9A36-41B5-A8E7-1F7177575883}"
EndProject
Project("{9A19103F-16F7-4668-BE54-9A1E7A4F7556}") = "Challenge", "Start\Ch3_Advanced\Challenge\Challenge.csproj", "{B3421EE8-1B29-47E6-B5FA-4CAED42D455C}"
EndProject
Project("{9A19103F-16F7-4668-BE54-9A1E7A4F7556}") = "Queue", "Start\Ch3_Advanced\Queue\Queue.csproj", "{D436509F-5EC8-4427-91DC-C9F75495135E}"
EndProject
Project("{2150E333-8FDC-42A3-9474-1A3956D46DE8}") = "Ch1_Intro", "Ch1_Intro", "{EC8265FC-E967-407E-9268-376841FE62B5}"
EndProject
Project("{9A19103F-16F7-4668-BE54-9A1E7A4F7556}") = "Basic", "Start\Ch1_Intro\Basic\Basic.csproj", "{D89E1D96-CD50-48BE-8AD3-E7E69532A639}"
EndProject
Project("{2150E333-8FDC-42A3-9474-1A3956D46DE8}") = "Ch2_Basic", "Ch2_Basic", "{3C6B04A1-7D9E-4B55-AACF-4032FC821371}"
EndProject
Project("{9A19103F-16F7-4668-BE54-9A1E7A4F7556}") = "List", "Start\Ch2_Basic\List\List.csproj", "{85134DFF-45D2-4A3A-A40D-E9C74128AF3C}"
EndProject
Project("{9A19103F-16F7-4668-BE54-9A1E7A4F7556}") = "LinkedList", "Start\Ch2_Basic\LinkedList\LinkedList.csproj", "{948FCBA4-9823-491B-A147-4ECCF7A0CDAB}"
EndProject
Project("{9A19103F-16F7-4668-BE54-9A1E7A4F7556}") = "Challenge", "Start\Ch2_Basic\Challenge\Challenge.csproj", "{6CE90A67-32D8-4207-8F0A-87AED2E2DA1E}"
EndProject
Project("{2150E333-8FDC-42A3-9474-1A3956D46DE8}") = "Ch4_Specialized", "Ch4_Specialized", "{0D6E6484-ABC9-4AC2-9B12-8CA86CB31FF1}"
EndProject
Project("{9A19103F-16F7-4668-BE54-9A1E7A4F7556}") = "StringCollection", "Start\Ch4_Specialized\StringCollection\StringCollection.csproj", "{37928F5C-F118-475B-BF09-24A8087F9186}"
EndProject
Project("{9A19103F-16F7-4668-BE54-9A1E7A4F7556}") = "HybridDictExample", "Start\Ch4_Specialized\HybridDictExample\HybridDictExample.csproj", "{8DFED89E-6D83-43DE-ADC2-2C0838FF9A5D}"
EndProject
Project("{9A19103F-16F7-4668-BE54-9A1E7A4F7556}") = "Challenge", "Start\Ch4_Specialized\Challenge\Challenge.csproj", "{C9521CE3-5C17-4B69-AE21-0CB491B9E213}"
EndProject
Project("{9A19103F-16F7-4668-BE54-9A1E7A4F7556}") = "StringBuilder", "Start\Ch4_Specialized\StringBuilder\StringBuilder.csproj", "{7BE96297-0793-440D-93AF-01E984DA22D1}"
EndProject
Project("{9A19103F-16F7-4668-BE54-9A1E7A4F7556}") = "OrderedDictExample", "Start\Ch4_Specialized\OrderedDictExample\OrderedDictExample.csproj", "{C9FDE3AC-6B81-4A7E-9770-4D10DC194B3A}"
EndProject
Project("{2150E333-8FDC-42A3-9474-1A3956D46DE8}") = "Finished", "Finished", "{57D12BE9-83EB-4A1F-BD6A-90DFB99DC672}"
EndProject
Project("{2150E333-8FDC-42A3-9474-1A3956D46DE8}") = "Ch3_Advanced", "Ch3_Advanced", "{F7B89E35-8912-48F2-8C71-A473DE78EDF0}"
EndProject
Project("{9A19103F-16F7-4668-BE54-9A1E7A4F7556}") = "Dictionary", "Finished\Ch3_Advanced\Dictionary\Dictionary.csproj", "{0864BF50-C42F-4A88-9DE1-ED8D7C0E05A2}"
EndProject
Project("{9A19103F-16F7-4668-BE54-9A1E7A4F7556}") = "Stack", "Finished\Ch3_Advanced\Stack\Stack.csproj", "{4C6E4E3E-AE06-4A92-B225-4911C586EE2F}"
EndProject
Project("{9A19103F-16F7-4668-BE54-9A1E7A4F7556}") = "Challenge", "Finished\Ch3_Advanced\Challenge\Challenge.csproj", "{E8EEBE48-71F1-47D3-97C7-00E99B566C56}"
EndProject
Project("{9A19103F-16F7-4668-BE54-9A1E7A4F7556}") = "Queue", "Finished\Ch3_Advanced\Queue\Queue.csproj", "{101A4CA4-D122-4113-9DC1-F899FEDFC3ED}"
EndProject
Project("{2150E333-8FDC-42A3-9474-1A3956D46DE8}") = "Ch1_Intro", "Ch1_Intro", "{0955CDAA-777F-47A5-A53A-B2405B2EC89F}"
EndProject
Project("{9A19103F-16F7-4668-BE54-9A1E7A4F7556}") = "Basic", "Finished\Ch1_Intro\Basic\Basic.csproj", "{DCF518D7-714E-482A-9CD9-EE1F46963387}"
EndProject
Project("{2150E333-8FDC-42A3-9474-1A3956D46DE8}") = "Ch2_Basic", "Ch2_Basic", "{81423B35-E2CB-4527-A4CF-084EC1D50198}"
EndProject
Project("{9A19103F-16F7-4668-BE54-9A1E7A4F7556}") = "List", "Finished\Ch2_Basic\List\List.csproj", "{4084C040-2D12-4DB9-9D79-D284E24BB365}"
EndProject
Project("{9A19103F-16F7-4668-BE54-9A1E7A4F7556}") = "LinkedList", "Finished\Ch2_Basic\LinkedList\LinkedList.csproj", "{E228E901-63DD-4BAE-AE73-234823486D66}"
EndProject
Project("{9A19103F-16F7-4668-BE54-9A1E7A4F7556}") = "Challenge", "Finished\Ch2_Basic\Challenge\Challenge.csproj", "{C8045DA8-231F-4023-958D-1884028D18B5}"
EndProject
Project("{2150E333-8FDC-42A3-9474-1A3956D46DE8}") = "Ch4_Specialized", "Ch4_Specialized", "{3FD877D0-4886-4F5B-A5ED-FF6BD63AE795}"
EndProject
Project("{9A19103F-16F7-4668-BE54-9A1E7A4F7556}") = "StringCollection", "Finished\Ch4_Specialized\StringCollection\StringCollection.csproj", "{67075C3D-EDD2-4F9A-B1FF-1B8F38BE3F92}"
EndProject
Project("{9A19103F-16F7-4668-BE54-9A1E7A4F7556}") = "HybridDictExample", "Finished\Ch4_Specialized\HybridDictExample\HybridDictExample.csproj", "{1D858D58-95CD-4D29-A939-69B2C319B45F}"
EndProject
Project("{9A19103F-16F7-4668-BE54-9A1E7A4F7556}") = "Challenge", "Finished\Ch4_Specialized\Challenge\Challenge.csproj", "{9920DC7D-391C-4089-BFA8-5A0AE05F1AC7}"
EndProject
Project("{9A19103F-16F7-4668-BE54-9A1E7A4F7556}") = "StringBuilder", "Finished\Ch4_Specialized\StringBuilder\StringBuilder.csproj", "{89F64009-1D2D-4331-99A7-CC18058D1D8D}"
EndProject
Project("{9A19103F-16F7-4668-BE54-9A1E7A4F7556}") = "OrderedDictExample", "Finished\Ch4_Specialized\OrderedDictExample\OrderedDictExample.csproj", "{BE6EC2D8-63F8-43A7-A0CB-268107A5EC69}"
EndProject
Global
	GlobalSection(SolutionConfigurationPlatforms) = preSolution
		Debug|Any CPU = Debug|Any CPU
		Release|Any CPU = Release|Any CPU
	EndGlobalSection
	GlobalSection(ProjectConfigurationPlatforms) = postSolution
		{4EEF54EC-8EB0-448B-BB0B-EF2764369B84}.Debug|Any CPU.ActiveCfg = Debug|Any CPU
		{4EEF54EC-8EB0-448B-BB0B-EF2764369B84}.Debug|Any CPU.Build.0 = Debug|Any CPU
		{4EEF54EC-8EB0-448B-BB0B-EF2764369B84}.Release|Any CPU.ActiveCfg = Release|Any CPU
		{4EEF54EC-8EB0-448B-BB0B-EF2764369B84}.Release|Any CPU.Build.0 = Release|Any CPU
		{A34DF160-9A36-41B5-A8E7-1F7177575883}.Debug|Any CPU.ActiveCfg = Debug|Any CPU
		{A34DF160-9A36-41B5-A8E7-1F7177575883}.Debug|Any CPU.Build.0 = Debug|Any CPU
		{A34DF160-9A36-41B5-A8E7-1F7177575883}.Release|Any CPU.ActiveCfg = Release|Any CPU
		{A34DF160-9A36-41B5-A8E7-1F7177575883}.Release|Any CPU.Build.0 = Release|Any CPU
		{B3421EE8-1B29-47E6-B5FA-4CAED42D455C}.Debug|Any CPU.ActiveCfg = Debug|Any CPU
		{B3421EE8-1B29-47E6-B5FA-4CAED42D455C}.Debug|Any CPU.Build.0 = Debug|Any CPU
		{B3421EE8-1B29-47E6-B5FA-4CAED42D455C}.Release|Any CPU.ActiveCfg = Release|Any CPU
		{B3421EE8-1B29-47E6-B5FA-4CAED42D455C}.Release|Any CPU.Build.0 = Release|Any CPU
		{D436509F-5EC8-4427-91DC-C9F75495135E}.Debug|Any CPU.ActiveCfg = Debug|Any CPU
		{D436509F-5EC8-4427-91DC-C9F75495135E}.Debug|Any CPU.Build.0 = Debug|Any CPU
		{D436509F-5EC8-4427-91DC-C9F75495135E}.Release|Any CPU.ActiveCfg = Release|Any CPU
		{D436509F-5EC8-4427-91DC-C9F75495135E}.Release|Any CPU.Build.0 = Release|Any CPU
		{D89E1D96-CD50-48BE-8AD3-E7E69532A639}.Debug|Any CPU.ActiveCfg = Debug|Any CPU
		{D89E1D96-CD50-48BE-8AD3-E7E69532A639}.Debug|Any CPU.Build.0 = Debug|Any CPU
		{D89E1D96-CD50-48BE-8AD3-E7E69532A639}.Release|Any CPU.ActiveCfg = Release|Any CPU
		{D89E1D96-CD50-48BE-8AD3-E7E69532A639}.Release|Any CPU.Build.0 = Release|Any CPU
		{85134DFF-45D2-4A3A-A40D-E9C74128AF3C}.Debug|Any CPU.ActiveCfg = Debug|Any CPU
		{85134DFF-45D2-4A3A-A40D-E9C74128AF3C}.Debug|Any CPU.Build.0 = Debug|Any CPU
		{85134DFF-45D2-4A3A-A40D-E9C74128AF3C}.Release|Any CPU.ActiveCfg = Release|Any CPU
		{85134DFF-45D2-4A3A-A40D-E9C74128AF3C}.Release|Any CPU.Build.0 = Release|Any CPU
		{948FCBA4-9823-491B-A147-4ECCF7A0CDAB}.Debug|Any CPU.ActiveCfg = Debug|Any CPU
		{948FCBA4-9823-491B-A147-4ECCF7A0CDAB}.Debug|Any CPU.Build.0 = Debug|Any CPU
		{948FCBA4-9823-491B-A147-4ECCF7A0CDAB}.Release|Any CPU.ActiveCfg = Release|Any CPU
		{948FCBA4-9823-491B-A147-4ECCF7A0CDAB}.Release|Any CPU.Build.0 = Release|Any CPU
		{6CE90A67-32D8-4207-8F0A-87AED2E2DA1E}.Debug|Any CPU.ActiveCfg = Debug|Any CPU
		{6CE90A67-32D8-4207-8F0A-87AED2E2DA1E}.Debug|Any CPU.Build.0 = Debug|Any CPU
		{6CE90A67-32D8-4207-8F0A-87AED2E2DA1E}.Release|Any CPU.ActiveCfg = Release|Any CPU
		{6CE90A67-32D8-4207-8F0A-87AED2E2DA1E}.Release|Any CPU.Build.0 = Release|Any CPU
		{37928F5C-F118-475B-BF09-24A8087F9186}.Debug|Any CPU.ActiveCfg = Debug|Any CPU
		{37928F5C-F118-475B-BF09-24A8087F9186}.Debug|Any CPU.Build.0 = Debug|Any CPU
		{37928F5C-F118-475B-BF09-24A8087F9186}.Release|Any CPU.ActiveCfg = Release|Any CPU
		{37928F5C-F118-475B-BF09-24A8087F9186}.Release|Any CPU.Build.0 = Release|Any CPU
		{8DFED89E-6D83-43DE-ADC2-2C0838FF9A5D}.Debug|Any CPU.ActiveCfg = Debug|Any CPU
		{8DFED89E-6D83-43DE-ADC2-2C0838FF9A5D}.Debug|Any CPU.Build.0 = Debug|Any CPU
		{8DFED89E-6D83-43DE-ADC2-2C0838FF9A5D}.Release|Any CPU.ActiveCfg = Release|Any CPU
		{8DFED89E-6D83-43DE-ADC2-2C0838FF9A5D}.Release|Any CPU.Build.0 = Release|Any CPU
		{C9521CE3-5C17-4B69-AE21-0CB491B9E213}.Debug|Any CPU.ActiveCfg = Debug|Any CPU
		{C9521CE3-5C17-4B69-AE21-0CB491B9E213}.Debug|Any CPU.Build.0 = Debug|Any CPU
		{C9521CE3-5C17-4B69-AE21-0CB491B9E213}.Release|Any CPU.ActiveCfg = Release|Any CPU
		{C9521CE3-5C17-4B69-AE21-0CB491B9E213}.Release|Any CPU.Build.0 = Release|Any CPU
		{7BE96297-0793-440D-93AF-01E984DA22D1}.Debug|Any CPU.ActiveCfg = Debug|Any CPU
		{7BE96297-0793-440D-93AF-01E984DA22D1}.Debug|Any CPU.Build.0 = Debug|Any CPU
		{7BE96297-0793-440D-93AF-01E984DA22D1}.Release|Any CPU.ActiveCfg = Release|Any CPU
		{7BE96297-0793-440D-93AF-01E984DA22D1}.Release|Any CPU.Build.0 = Release|Any CPU
		{C9FDE3AC-6B81-4A7E-9770-4D10DC194B3A}.Debug|Any CPU.ActiveCfg = Debug|Any CPU
		{C9FDE3AC-6B81-4A7E-9770-4D10DC194B3A}.Debug|Any CPU.Build.0 = Debug|Any CPU
		{C9FDE3AC-6B81-4A7E-9770-4D10DC194B3A}.Release|Any CPU.ActiveCfg = Release|Any CPU
		{C9FDE3AC-6B81-4A7E-9770-4D10DC194B3A}.Release|Any CPU.Build.0 = Release|Any CPU
		{0864BF50-C42F-4A88-9DE1-ED8D7C0E05A2}.Debug|Any CPU.ActiveCfg = Debug|Any CPU
		{0864BF50-C42F-4A88-9DE1-ED8D7C0E05A2}.Debug|Any CPU.Build.0 = Debug|Any CPU
		{0864BF50-C42F-4A88-9DE1-ED8D7C0E05A2}.Release|Any CPU.ActiveCfg = Release|Any CPU
		{0864BF50-C42F-4A88-9DE1-ED8D7C0E05A2}.Release|Any CPU.Build.0 = Release|Any CPU
		{4C6E4E3E-AE06-4A92-B225-4911C586EE2F}.Debug|Any CPU.ActiveCfg = Debug|Any CPU
		{4C6E4E3E-AE06-4A92-B225-4911C586EE2F}.Debug|Any CPU.Build.0 = Debug|Any CPU
		{4C6E4E3E-AE06-4A92-B225-4911C586EE2F}.Release|Any CPU.ActiveCfg = Release|Any CPU
		{4C6E4E3E-AE06-4A92-B225-4911C586EE2F}.Release|Any CPU.Build.0 = Release|Any CPU
		{E8EEBE48-71F1-47D3-97C7-00E99B566C56}.Debug|Any CPU.ActiveCfg = Debug|Any CPU
		{E8EEBE48-71F1-47D3-97C7-00E99B566C56}.Debug|Any CPU.Build.0 = Debug|Any CPU
		{E8EEBE48-71F1-47D3-97C7-00E99B566C56}.Release|Any CPU.ActiveCfg = Release|Any CPU
		{E8EEBE48-71F1-47D3-97C7-00E99B566C56}.Release|Any CPU.Build.0 = Release|Any CPU
		{101A4CA4-D122-4113-9DC1-F899FEDFC3ED}.Debug|Any CPU.ActiveCfg = Debug|Any CPU
		{101A4CA4-D122-4113-9DC1-F899FEDFC3ED}.Debug|Any CPU.Build.0 = Debug|Any CPU
		{101A4CA4-D122-4113-9DC1-F899FEDFC3ED}.Release|Any CPU.ActiveCfg = Release|Any CPU
		{101A4CA4-D122-4113-9DC1-F899FEDFC3ED}.Release|Any CPU.Build.0 = Release|Any CPU
		{DCF518D7-714E-482A-9CD9-EE1F46963387}.Debug|Any CPU.ActiveCfg = Debug|Any CPU
		{DCF518D7-714E-482A-9CD9-EE1F46963387}.Debug|Any CPU.Build.0 = Debug|Any CPU
		{DCF518D7-714E-482A-9CD9-EE1F46963387}.Release|Any CPU.ActiveCfg = Release|Any CPU
		{DCF518D7-714E-482A-9CD9-EE1F46963387}.Release|Any CPU.Build.0 = Release|Any CPU
		{4084C040-2D12-4DB9-9D79-D284E24BB365}.Debug|Any CPU.ActiveCfg = Debug|Any CPU
		{4084C040-2D12-4DB9-9D79-D284E24BB365}.Debug|Any CPU.Build.0 = Debug|Any CPU
		{4084C040-2D12-4DB9-9D79-D284E24BB365}.Release|Any CPU.ActiveCfg = Release|Any CPU
		{4084C040-2D12-4DB9-9D79-D284E24BB365}.Release|Any CPU.Build.0 = Release|Any CPU
		{E228E901-63DD-4BAE-AE73-234823486D66}.Debug|Any CPU.ActiveCfg = Debug|Any CPU
		{E228E901-63DD-4BAE-AE73-234823486D66}.Debug|Any CPU.Build.0 = Debug|Any CPU
		{E228E901-63DD-4BAE-AE73-234823486D66}.Release|Any CPU.ActiveCfg = Release|Any CPU
		{E228E901-63DD-4BAE-AE73-234823486D66}.Release|Any CPU.Build.0 = Release|Any CPU
		{C8045DA8-231F-4023-958D-1884028D18B5}.Debug|Any CPU.ActiveCfg = Debug|Any CPU
		{C8045DA8-231F-4023-958D-1884028D18B5}.Debug|Any CPU.Build.0 = Debug|Any CPU
		{C8045DA8-231F-4023-958D-1884028D18B5}.Release|Any CPU.ActiveCfg = Release|Any CPU
		{C8045DA8-231F-4023-958D-1884028D18B5}.Release|Any CPU.Build.0 = Release|Any CPU
		{67075C3D-EDD2-4F9A-B1FF-1B8F38BE3F92}.Debug|Any CPU.ActiveCfg = Debug|Any CPU
		{67075C3D-EDD2-4F9A-B1FF-1B8F38BE3F92}.Debug|Any CPU.Build.0 = Debug|Any CPU
		{67075C3D-EDD2-4F9A-B1FF-1B8F38BE3F92}.Release|Any CPU.ActiveCfg = Release|Any CPU
		{67075C3D-EDD2-4F9A-B1FF-1B8F38BE3F92}.Release|Any CPU.Build.0 = Release|Any CPU
		{1D858D58-95CD-4D29-A939-69B2C319B45F}.Debug|Any CPU.ActiveCfg = Debug|Any CPU
		{1D858D58-95CD-4D29-A939-69B2C319B45F}.Debug|Any CPU.Build.0 = Debug|Any CPU
		{1D858D58-95CD-4D29-A939-69B2C319B45F}.Release|Any CPU.ActiveCfg = Release|Any CPU
		{1D858D58-95CD-4D29-A939-69B2C319B45F}.Release|Any CPU.Build.0 = Release|Any CPU
		{9920DC7D-391C-4089-BFA8-5A0AE05F1AC7}.Debug|Any CPU.ActiveCfg = Debug|Any CPU
		{9920DC7D-391C-4089-BFA8-5A0AE05F1AC7}.Debug|Any CPU.Build.0 = Debug|Any CPU
		{9920DC7D-391C-4089-BFA8-5A0AE05F1AC7}.Release|Any CPU.ActiveCfg = Release|Any CPU
		{9920DC7D-391C-4089-BFA8-5A0AE05F1AC7}.Release|Any CPU.Build.0 = Release|Any CPU
		{89F64009-1D2D-4331-99A7-CC18058D1D8D}.Debug|Any CPU.ActiveCfg = Debug|Any CPU
		{89F64009-1D2D-4331-99A7-CC18058D1D8D}.Debug|Any CPU.Build.0 = Debug|Any CPU
		{89F64009-1D2D-4331-99A7-CC18058D1D8D}.Release|Any CPU.ActiveCfg = Release|Any CPU
		{89F64009-1D2D-4331-99A7-CC18058D1D8D}.Release|Any CPU.Build.0 = Release|Any CPU
		{BE6EC2D8-63F8-43A7-A0CB-268107A5EC69}.Debug|Any CPU.ActiveCfg = Debug|Any CPU
		{BE6EC2D8-63F8-43A7-A0CB-268107A5EC69}.Debug|Any CPU.Build.0 = Debug|Any CPU
		{BE6EC2D8-63F8-43A7-A0CB-268107A5EC69}.Release|Any CPU.ActiveCfg = Release|Any CPU
		{BE6EC2D8-63F8-43A7-A0CB-268107A5EC69}.Release|Any CPU.Build.0 = Release|Any CPU
	EndGlobalSection
	GlobalSection(SolutionProperties) = preSolution
		HideSolutionNode = FALSE
	EndGlobalSection
	GlobalSection(NestedProjects) = preSolution
		{50EA3916-B07F-4B58-8420-4C8496F38186} = {76F52EB6-169F-4BB5-8F1A-AA170B8F026E}
		{4EEF54EC-8EB0-448B-BB0B-EF2764369B84} = {50EA3916-B07F-4B58-8420-4C8496F38186}
		{A34DF160-9A36-41B5-A8E7-1F7177575883} = {50EA3916-B07F-4B58-8420-4C8496F38186}
		{B3421EE8-1B29-47E6-B5FA-4CAED42D455C} = {50EA3916-B07F-4B58-8420-4C8496F38186}
		{D436509F-5EC8-4427-91DC-C9F75495135E} = {50EA3916-B07F-4B58-8420-4C8496F38186}
		{EC8265FC-E967-407E-9268-376841FE62B5} = {76F52EB6-169F-4BB5-8F1A-AA170B8F026E}
		{D89E1D96-CD50-48BE-8AD3-E7E69532A639} = {EC8265FC-E967-407E-9268-376841FE62B5}
		{3C6B04A1-7D9E-4B55-AACF-4032FC821371} = {76F52EB6-169F-4BB5-8F1A-AA170B8F026E}
		{85134DFF-45D2-4A3A-A40D-E9C74128AF3C} = {3C6B04A1-7D9E-4B55-AACF-4032FC821371}
		{948FCBA4-9823-491B-A147-4ECCF7A0CDAB} = {3C6B04A1-7D9E-4B55-AACF-4032FC821371}
		{6CE90A67-32D8-4207-8F0A-87AED2E2DA1E} = {3C6B04A1-7D9E-4B55-AACF-4032FC821371}
		{0D6E6484-ABC9-4AC2-9B12-8CA86CB31FF1} = {76F52EB6-169F-4BB5-8F1A-AA170B8F026E}
		{37928F5C-F118-475B-BF09-24A8087F9186} = {0D6E6484-ABC9-4AC2-9B12-8CA86CB31FF1}
		{8DFED89E-6D83-43DE-ADC2-2C0838FF9A5D} = {0D6E6484-ABC9-4AC2-9B12-8CA86CB31FF1}
		{C9521CE3-5C17-4B69-AE21-0CB491B9E213} = {0D6E6484-ABC9-4AC2-9B12-8CA86CB31FF1}
		{7BE96297-0793-440D-93AF-01E984DA22D1} = {0D6E6484-ABC9-4AC2-9B12-8CA86CB31FF1}
		{C9FDE3AC-6B81-4A7E-9770-4D10DC194B3A} = {0D6E6484-ABC9-4AC2-9B12-8CA86CB31FF1}
		{F7B89E35-8912-48F2-8C71-A473DE78EDF0} = {57D12BE9-83EB-4A1F-BD6A-90DFB99DC672}
		{0864BF50-C42F-4A88-9DE1-ED8D7C0E05A2} = {F7B89E35-8912-48F2-8C71-A473DE78EDF0}
		{4C6E4E3E-AE06-4A92-B225-4911C586EE2F} = {F7B89E35-8912-48F2-8C71-A473DE78EDF0}
		{E8EEBE48-71F1-47D3-97C7-00E99B566C56} = {F7B89E35-8912-48F2-8C71-A473DE78EDF0}
		{101A4CA4-D122-4113-9DC1-F899FEDFC3ED} = {F7B89E35-8912-48F2-8C71-A473DE78EDF0}
		{0955CDAA-777F-47A5-A53A-B2405B2EC89F} = {57D12BE9-83EB-4A1F-BD6A-90DFB99DC672}
		{DCF518D7-714E-482A-9CD9-EE1F46963387} = {0955CDAA-777F-47A5-A53A-B2405B2EC89F}
		{81423B35-E2CB-4527-A4CF-084EC1D50198} = {57D12BE9-83EB-4A1F-BD6A-90DFB99DC672}
		{4084C040-2D12-4DB9-9D79-D284E24BB365} = {81423B35-E2CB-4527-A4CF-084EC1D50198}
		{E228E901-63DD-4BAE-AE73-234823486D66} = {81423B35-E2CB-4527-A4CF-084EC1D50198}
		{C8045DA8-231F-4023-958D-1884028D18B5} = {81423B35-E2CB-4527-A4CF-084EC1D50198}
		{3FD877D0-4886-4F5B-A5ED-FF6BD63AE795} = {57D12BE9-83EB-4A1F-BD6A-90DFB99DC672}
		{67075C3D-EDD2-4F9A-B1FF-1B8F38BE3F92} = {3FD877D0-4886-4F5B-A5ED-FF6BD63AE795}
		{1D858D58-95CD-4D29-A939-69B2C319B45F} = {3FD877D0-4886-4F5B-A5ED-FF6BD63AE795}
		{9920DC7D-391C-4089-BFA8-5A0AE05F1AC7} = {3FD877D0-4886-4F5B-A5ED-FF6BD63AE795}
		{89F64009-1D2D-4331-99A7-CC18058D1D8D} = {3FD877D0-4886-4F5B-A5ED-FF6BD63AE795}
		{BE6EC2D8-63F8-43A7-A0CB-268107A5EC69} = {3FD877D0-4886-4F5B-A5ED-FF6BD63AE795}
	EndGlobalSection
	GlobalSection(ExtensibilityGlobals) = postSolution
		SolutionGuid = {58CB09FB-A81F-41C9-952A-1BB59A55ECD4}
	EndGlobalSection
EndGlobal
